
Microsoft Visual Studio Solution File, Format Version 12.00
# Visual Studio Version 17
VisualStudioVersion = 17.0.32014.148
MinimumVisualStudioVersion = 10.0.40219.1
Project("{9A19103F-16F7-4668-BE54-9A1E7A4F7556}") = "EmployeeManager.DataAccess", "EmployeeManager.DataAccess\EmployeeManager.DataAccess.csproj", "{A425173A-C3F9-4251-AFF9-7E95BD7B4BBA}"
EndProject
Project("{9A19103F-16F7-4668-BE54-9A1E7A4F7556}") = "EmployeeManager.Common", "EmployeeManager.Common\EmployeeManager.Common.csproj", "{A4D5CF54-E102-45EE-A686-030D64246202}"
EndProject
Project("{2150E333-8FDC-42A3-9474-1A3956D46DE8}") = "Libraries", "Libraries", "{DD912DD1-7B66-4245-BD63-C01207561341}"
EndProject
Project("{C7167F0D-BC9F-4E6E-AFE1-012C56B48DB5}") = "EmployeeManager.WinUI (Package)", "EmployeeManager.WinUI\EmployeeManager.WinUI (Package)\EmployeeManager.WinUI (Package).wapproj", "{812E73E8-3FC5-4FD7-90E3-F4F840D2C2D5}"
EndProject
Project("{9A19103F-16F7-4668-BE54-9A1E7A4F7556}") = "EmployeeManager.WinUI", "EmployeeManager.WinUI\EmployeeManager.WinUI\EmployeeManager.WinUI.csproj", "{62D2A3E1-FC2F-43BF-B915-F19F4D53AB54}"
EndProject
Project("{9A19103F-16F7-4668-BE54-9A1E7A4F7556}") = "EmployeeManager.ViewModel", "EmployeeManager.ViewModel\EmployeeManager.ViewModel.csproj", "{69B45950-043D-4849-BC99-B85AE9437D56}"
EndProject
Project("{2150E333-8FDC-42A3-9474-1A3956D46DE8}") = "WinUI", "WinUI", "{1B83C683-BB46-45F7-A27F-D424100F00D8}"
EndProject
Project("{2150E333-8FDC-42A3-9474-1A3956D46DE8}") = "WPF", "WPF", "{647765E5-60A7-4908-9CCE-8D1361BBE2B6}"
EndProject
Project("{9A19103F-16F7-4668-BE54-9A1E7A4F7556}") = "EmployeeManager.WPF", "EmployeeManager.WPF\EmployeeManager.WPF.csproj", "{837CF3BA-BA0E-4A34-98BF-60106193240F}"
EndProject
Project("{2150E333-8FDC-42A3-9474-1A3956D46DE8}") = "WinForms", "WinForms", "{9BAAA957-183A-4F7B-8E99-BE730282DD5C}"
EndProject
Project("{FAE04EC0-301F-11D3-BF4B-00C04F79EFBC}") = "EmployeeManager.WinForms", "EmployeeManager.WinForms\EmployeeManager.WinForms.csproj", "{EB583CDB-FEF6-4C4D-A50E-D023E638FA81}"
EndProject
Global
	GlobalSection(SolutionConfigurationPlatforms) = preSolution
		Debug|Any CPU = Debug|Any CPU
		Debug|arm64 = Debug|arm64
		Debug|x64 = Debug|x64
		Debug|x86 = Debug|x86
		Release|Any CPU = Release|Any CPU
		Release|arm64 = Release|arm64
		Release|x64 = Release|x64
		Release|x86 = Release|x86
	EndGlobalSection
	GlobalSection(ProjectConfigurationPlatforms) = postSolution
		{A425173A-C3F9-4251-AFF9-7E95BD7B4BBA}.Debug|Any CPU.ActiveCfg = Debug|Any CPU
		{A425173A-C3F9-4251-AFF9-7E95BD7B4BBA}.Debug|Any CPU.Build.0 = Debug|Any CPU
		{A425173A-C3F9-4251-AFF9-7E95BD7B4BBA}.Debug|arm64.ActiveCfg = Debug|Any CPU
		{A425173A-C3F9-4251-AFF9-7E95BD7B4BBA}.Debug|arm64.Build.0 = Debug|Any CPU
		{A425173A-C3F9-4251-AFF9-7E95BD7B4BBA}.Debug|x64.ActiveCfg = Debug|Any CPU
		{A425173A-C3F9-4251-AFF9-7E95BD7B4BBA}.Debug|x64.Build.0 = Debug|Any CPU
		{A425173A-C3F9-4251-AFF9-7E95BD7B4BBA}.Debug|x86.ActiveCfg = Debug|Any CPU
		{A425173A-C3F9-4251-AFF9-7E95BD7B4BBA}.Debug|x86.Build.0 = Debug|Any CPU
		{A425173A-C3F9-4251-AFF9-7E95BD7B4BBA}.Release|Any CPU.ActiveCfg = Release|Any CPU
		{A425173A-C3F9-4251-AFF9-7E95BD7B4BBA}.Release|Any CPU.Build.0 = Release|Any CPU
		{A425173A-C3F9-4251-AFF9-7E95BD7B4BBA}.Release|arm64.ActiveCfg = Release|Any CPU
		{A425173A-C3F9-4251-AFF9-7E95BD7B4BBA}.Release|arm64.Build.0 = Release|Any CPU
		{A425173A-C3F9-4251-AFF9-7E95BD7B4BBA}.Release|x64.ActiveCfg = Release|Any CPU
		{A425173A-C3F9-4251-AFF9-7E95BD7B4BBA}.Release|x64.Build.0 = Release|Any CPU
		{A425173A-C3F9-4251-AFF9-7E95BD7B4BBA}.Release|x86.ActiveCfg = Release|Any CPU
		{A425173A-C3F9-4251-AFF9-7E95BD7B4BBA}.Release|x86.Build.0 = Release|Any CPU
		{A4D5CF54-E102-45EE-A686-030D64246202}.Debug|Any CPU.ActiveCfg = Debug|Any CPU
		{A4D5CF54-E102-45EE-A686-030D64246202}.Debug|Any CPU.Build.0 = Debug|Any CPU
		{A4D5CF54-E102-45EE-A686-030D64246202}.Debug|arm64.ActiveCfg = Debug|Any CPU
		{A4D5CF54-E102-45EE-A686-030D64246202}.Debug|arm64.Build.0 = Debug|Any CPU
		{A4D5CF54-E102-45EE-A686-030D64246202}.Debug|x64.ActiveCfg = Debug|Any CPU
		{A4D5CF54-E102-45EE-A686-030D64246202}.Debug|x64.Build.0 = Debug|Any CPU
		{A4D5CF54-E102-45EE-A686-030D64246202}.Debug|x86.ActiveCfg = Debug|Any CPU
		{A4D5CF54-E102-45EE-A686-030D64246202}.Debug|x86.Build.0 = Debug|Any CPU
		{A4D5CF54-E102-45EE-A686-030D64246202}.Release|Any CPU.ActiveCfg = Release|Any CPU
		{A4D5CF54-E102-45EE-A686-030D64246202}.Release|Any CPU.Build.0 = Release|Any CPU
		{A4D5CF54-E102-45EE-A686-030D64246202}.Release|arm64.ActiveCfg = Release|Any CPU
		{A4D5CF54-E102-45EE-A686-030D64246202}.Release|arm64.Build.0 = Release|Any CPU
		{A4D5CF54-E102-45EE-A686-030D64246202}.Release|x64.ActiveCfg = Release|Any CPU
		{A4D5CF54-E102-45EE-A686-030D64246202}.Release|x64.Build.0 = Release|Any CPU
		{A4D5CF54-E102-45EE-A686-030D64246202}.Release|x86.ActiveCfg = Release|Any CPU
		{A4D5CF54-E102-45EE-A686-030D64246202}.Release|x86.Build.0 = Release|Any CPU
		{812E73E8-3FC5-4FD7-90E3-F4F840D2C2D5}.Debug|Any CPU.ActiveCfg = Debug|x64
		{812E73E8-3FC5-4FD7-90E3-F4F840D2C2D5}.Debug|Any CPU.Build.0 = Debug|x64
		{812E73E8-3FC5-4FD7-90E3-F4F840D2C2D5}.Debug|Any CPU.Deploy.0 = Debug|x64
		{812E73E8-3FC5-4FD7-90E3-F4F840D2C2D5}.Debug|arm64.ActiveCfg = Debug|arm64
		{812E73E8-3FC5-4FD7-90E3-F4F840D2C2D5}.Debug|arm64.Build.0 = Debug|arm64
		{812E73E8-3FC5-4FD7-90E3-F4F840D2C2D5}.Debug|arm64.Deploy.0 = Debug|arm64
		{812E73E8-3FC5-4FD7-90E3-F4F840D2C2D5}.Debug|x64.ActiveCfg = Debug|x64
		{812E73E8-3FC5-4FD7-90E3-F4F840D2C2D5}.Debug|x64.Build.0 = Debug|x64
		{812E73E8-3FC5-4FD7-90E3-F4F840D2C2D5}.Debug|x64.Deploy.0 = Debug|x64
		{812E73E8-3FC5-4FD7-90E3-F4F840D2C2D5}.Debug|x86.ActiveCfg = Debug|x86
		{812E73E8-3FC5-4FD7-90E3-F4F840D2C2D5}.Debug|x86.Build.0 = Debug|x86
		{812E73E8-3FC5-4FD7-90E3-F4F840D2C2D5}.Debug|x86.Deploy.0 = Debug|x86
		{812E73E8-3FC5-4FD7-90E3-F4F840D2C2D5}.Release|Any CPU.ActiveCfg = Release|x64
		{812E73E8-3FC5-4FD7-90E3-F4F840D2C2D5}.Release|Any CPU.Build.0 = Release|x64
		{812E73E8-3FC5-4FD7-90E3-F4F840D2C2D5}.Release|Any CPU.Deploy.0 = Release|x64
		{812E73E8-3FC5-4FD7-90E3-F4F840D2C2D5}.Release|arm64.ActiveCfg = Release|arm64
		{812E73E8-3FC5-4FD7-90E3-F4F840D2C2D5}.Release|arm64.Build.0 = Release|arm64
		{812E73E8-3FC5-4FD7-90E3-F4F840D2C2D5}.Release|arm64.Deploy.0 = Release|arm64
		{812E73E8-3FC5-4FD7-90E3-F4F840D2C2D5}.Release|x64.ActiveCfg = Release|x64
		{812E73E8-3FC5-4FD7-90E3-F4F840D2C2D5}.Release|x64.Build.0 = Release|x64
		{812E73E8-3FC5-4FD7-90E3-F4F840D2C2D5}.Release|x64.Deploy.0 = Release|x64
		{812E73E8-3FC5-4FD7-90E3-F4F840D2C2D5}.Release|x86.ActiveCfg = Release|x86
		{812E73E8-3FC5-4FD7-90E3-F4F840D2C2D5}.Release|x86.Build.0 = Release|x86
		{812E73E8-3FC5-4FD7-90E3-F4F840D2C2D5}.Release|x86.Deploy.0 = Release|x86
		{62D2A3E1-FC2F-43BF-B915-F19F4D53AB54}.Debug|Any CPU.ActiveCfg = Debug|x64
		{62D2A3E1-FC2F-43BF-B915-F19F4D53AB54}.Debug|Any CPU.Build.0 = Debug|x64
		{62D2A3E1-FC2F-43BF-B915-F19F4D53AB54}.Debug|arm64.ActiveCfg = Debug|arm64
		{62D2A3E1-FC2F-43BF-B915-F19F4D53AB54}.Debug|arm64.Build.0 = Debug|arm64
		{62D2A3E1-FC2F-43BF-B915-F19F4D53AB54}.Debug|x64.ActiveCfg = Debug|x64
		{62D2A3E1-FC2F-43BF-B915-F19F4D53AB54}.Debug|x64.Build.0 = Debug|x64
		{62D2A3E1-FC2F-43BF-B915-F19F4D53AB54}.Debug|x86.ActiveCfg = Debug|x86
		{62D2A3E1-FC2F-43BF-B915-F19F4D53AB54}.Debug|x86.Build.0 = Debug|x86
		{62D2A3E1-FC2F-43BF-B915-F19F4D53AB54}.Release|Any CPU.ActiveCfg = Release|x64
		{62D2A3E1-FC2F-43BF-B915-F19F4D53AB54}.Release|Any CPU.Build.0 = Release|x64
		{62D2A3E1-FC2F-43BF-B915-F19F4D53AB54}.Release|arm64.ActiveCfg = Release|arm64
		{62D2A3E1-FC2F-43BF-B915-F19F4D53AB54}.Release|arm64.Build.0 = Release|arm64
		{62D2A3E1-FC2F-43BF-B915-F19F4D53AB54}.Release|x64.ActiveCfg = Release|x64
		{62D2A3E1-FC2F-43BF-B915-F19F4D53AB54}.Release|x64.Build.0 = Release|x64
		{62D2A3E1-FC2F-43BF-B915-F19F4D53AB54}.Release|x86.ActiveCfg = Release|x86
		{62D2A3E1-FC2F-43BF-B915-F19F4D53AB54}.Release|x86.Build.0 = Release|x86
		{69B45950-043D-4849-BC99-B85AE9437D56}.Debug|Any CPU.ActiveCfg = Debug|Any CPU
		{69B45950-043D-4849-BC99-B85AE9437D56}.Debug|Any CPU.Build.0 = Debug|Any CPU
		{69B45950-043D-4849-BC99-B85AE9437D56}.Debug|arm64.ActiveCfg = Debug|Any CPU
		{69B45950-043D-4849-BC99-B85AE9437D56}.Debug|arm64.Build.0 = Debug|Any CPU
		{69B45950-043D-4849-BC99-B85AE9437D56}.Debug|x64.ActiveCfg = Debug|Any CPU
		{69B45950-043D-4849-BC99-B85AE9437D56}.Debug|x64.Build.0 = Debug|Any CPU
		{69B45950-043D-4849-BC99-B85AE9437D56}.Debug|x86.ActiveCfg = Debug|Any CPU
		{69B45950-043D-4849-BC99-B85AE9437D56}.Debug|x86.Build.0 = Debug|Any CPU
		{69B45950-043D-4849-BC99-B85AE9437D56}.Release|Any CPU.ActiveCfg = Release|Any CPU
		{69B45950-043D-4849-BC99-B85AE9437D56}.Release|Any CPU.Build.0 = Release|Any CPU
		{69B45950-043D-4849-BC99-B85AE9437D56}.Release|arm64.ActiveCfg = Release|Any CPU
		{69B45950-043D-4849-BC99-B85AE9437D56}.Release|arm64.Build.0 = Release|Any CPU
		{69B45950-043D-4849-BC99-B85AE9437D56}.Release|x64.ActiveCfg = Release|Any CPU
		{69B45950-043D-4849-BC99-B85AE9437D56}.Release|x64.Build.0 = Release|Any CPU
		{69B45950-043D-4849-BC99-B85AE9437D56}.Release|x86.ActiveCfg = Release|Any CPU
		{69B45950-043D-4849-BC99-B85AE9437D56}.Release|x86.Build.0 = Release|Any CPU
		{837CF3BA-BA0E-4A34-98BF-60106193240F}.Debug|Any CPU.ActiveCfg = Debug|Any CPU
		{837CF3BA-BA0E-4A34-98BF-60106193240F}.Debug|Any CPU.Build.0 = Debug|Any CPU
		{837CF3BA-BA0E-4A34-98BF-60106193240F}.Debug|arm64.ActiveCfg = Debug|Any CPU
		{837CF3BA-BA0E-4A34-98BF-60106193240F}.Debug|arm64.Build.0 = Debug|Any CPU
		{837CF3BA-BA0E-4A34-98BF-60106193240F}.Debug|x64.ActiveCfg = Debug|Any CPU
		{837CF3BA-BA0E-4A34-98BF-60106193240F}.Debug|x64.Build.0 = Debug|Any CPU
		{837CF3BA-BA0E-4A34-98BF-60106193240F}.Debug|x86.ActiveCfg = Debug|Any CPU
		{837CF3BA-BA0E-4A34-98BF-60106193240F}.Debug|x86.Build.0 = Debug|Any CPU
		{837CF3BA-BA0E-4A34-98BF-60106193240F}.Release|Any CPU.ActiveCfg = Release|Any CPU
		{837CF3BA-BA0E-4A34-98BF-60106193240F}.Release|Any CPU.Build.0 = Release|Any CPU
		{837CF3BA-BA0E-4A34-98BF-60106193240F}.Release|arm64.ActiveCfg = Release|Any CPU
		{837CF3BA-BA0E-4A34-98BF-60106193240F}.Release|arm64.Build.0 = Release|Any CPU
		{837CF3BA-BA0E-4A34-98BF-60106193240F}.Release|x64.ActiveCfg = Release|Any CPU
		{837CF3BA-BA0E-4A34-98BF-60106193240F}.Release|x64.Build.0 = Release|Any CPU
		{837CF3BA-BA0E-4A34-98BF-60106193240F}.Release|x86.ActiveCfg = Release|Any CPU
		{837CF3BA-BA0E-4A34-98BF-60106193240F}.Release|x86.Build.0 = Release|Any CPU
		{EB583CDB-FEF6-4C4D-A50E-D023E638FA81}.Debug|Any CPU.ActiveCfg = Debug|Any CPU
		{EB583CDB-FEF6-4C4D-A50E-D023E638FA81}.Debug|Any CPU.Build.0 = Debug|Any CPU
		{EB583CDB-FEF6-4C4D-A50E-D023E638FA81}.Debug|arm64.ActiveCfg = Debug|Any CPU
		{EB583CDB-FEF6-4C4D-A50E-D023E638FA81}.Debug|arm64.Build.0 = Debug|Any CPU
		{EB583CDB-FEF6-4C4D-A50E-D023E638FA81}.Debug|x64.ActiveCfg = Debug|Any CPU
		{EB583CDB-FEF6-4C4D-A50E-D023E638FA81}.Debug|x64.Build.0 = Debug|Any CPU
		{EB583CDB-FEF6-4C4D-A50E-D023E638FA81}.Debug|x86.ActiveCfg = Debug|Any CPU
		{EB583CDB-FEF6-4C4D-A50E-D023E638FA81}.Debug|x86.Build.0 = Debug|Any CPU
		{EB583CDB-FEF6-4C4D-A50E-D023E638FA81}.Release|Any CPU.ActiveCfg = Release|Any CPU
		{EB583CDB-FEF6-4C4D-A50E-D023E638FA81}.Release|Any CPU.Build.0 = Release|Any CPU
		{EB583CDB-FEF6-4C4D-A50E-D023E638FA81}.Release|arm64.ActiveCfg = Release|Any CPU
		{EB583CDB-FEF6-4C4D-A50E-D023E638FA81}.Release|arm64.Build.0 = Release|Any CPU
		{EB583CDB-FEF6-4C4D-A50E-D023E638FA81}.Release|x64.ActiveCfg = Release|Any CPU
		{EB583CDB-FEF6-4C4D-A50E-D023E638FA81}.Release|x64.Build.0 = Release|Any CPU
		{EB583CDB-FEF6-4C4D-A50E-D023E638FA81}.Release|x86.ActiveCfg = Release|Any CPU
		{EB583CDB-FEF6-4C4D-A50E-D023E638FA81}.Release|x86.Build.0 = Release|Any CPU
	EndGlobalSection
	GlobalSection(SolutionProperties) = preSolution
		HideSolutionNode = FALSE
	EndGlobalSection
	GlobalSection(NestedProjects) = preSolution
		{A425173A-C3F9-4251-AFF9-7E95BD7B4BBA} = {DD912DD1-7B66-4245-BD63-C01207561341}
		{A4D5CF54-E102-45EE-A686-030D64246202} = {DD912DD1-7B66-4245-BD63-C01207561341}
		{812E73E8-3FC5-4FD7-90E3-F4F840D2C2D5} = {1B83C683-BB46-45F7-A27F-D424100F00D8}
		{62D2A3E1-FC2F-43BF-B915-F19F4D53AB54} = {1B83C683-BB46-45F7-A27F-D424100F00D8}
		{69B45950-043D-4849-BC99-B85AE9437D56} = {DD912DD1-7B66-4245-BD63-C01207561341}
		{837CF3BA-BA0E-4A34-98BF-60106193240F} = {647765E5-60A7-4908-9CCE-8D1361BBE2B6}
		{EB583CDB-FEF6-4C4D-A50E-D023E638FA81} = {9BAAA957-183A-4F7B-8E99-BE730282DD5C}
	EndGlobalSection
	GlobalSection(ExtensibilityGlobals) = postSolution
		SolutionGuid = {8D719E33-FCFD-4644-95C9-2842C22D405F}
	EndGlobalSection
EndGlobal
